
Microsoft Visual Studio Solution File, Format Version 12.00
# Visual Studio Version 17
VisualStudioVersion = 17.0.31903.59
MinimumVisualStudioVersion = 10.0.40219.1
Project("{FAE04EC0-301F-11D3-BF4B-00C04F79EFBC}") = "TicTacToe", "TicTacToe\TicTacToe.csproj", "{C9B1E001-1C1B-4758-8F78-CF1DDE4C2D02}"
EndProject
Project("{FAE04EC0-301F-11D3-BF4B-00C04F79EFBC}") = "TicTacToeTest", "TicTacToeTest\TicTacToeTest.csproj", "{2A436950-3FC6-41AD-987C-E0AC1D7B1E83}"
EndProject
Global
	GlobalSection(SolutionConfigurationPlatforms) = preSolution
		Debug|Any CPU = Debug|Any CPU
		Release|Any CPU = Release|Any CPU
	EndGlobalSection
	GlobalSection(SolutionProperties) = preSolution
		HideSolutionNode = FALSE
	EndGlobalSection
	GlobalSection(ProjectConfigurationPlatforms) = postSolution
		{C9B1E001-1C1B-4758-8F78-CF1DDE4C2D02}.Debug|Any CPU.ActiveCfg = Debug|Any CPU
		{C9B1E001-1C1B-4758-8F78-CF1DDE4C2D02}.Debug|Any CPU.Build.0 = Debug|Any CPU
		{C9B1E001-1C1B-4758-8F78-CF1DDE4C2D02}.Release|Any CPU.ActiveCfg = Release|Any CPU
		{C9B1E001-1C1B-4758-8F78-CF1DDE4C2D02}.Release|Any CPU.Build.0 = Release|Any CPU
		{2A436950-3FC6-41AD-987C-E0AC1D7B1E83}.Debug|Any CPU.ActiveCfg = Debug|Any CPU
		{2A436950-3FC6-41AD-987C-E0AC1D7B1E83}.Debug|Any CPU.Build.0 = Debug|Any CPU
		{2A436950-3FC6-41AD-987C-E0AC1D7B1E83}.Release|Any CPU.ActiveCfg = Release|Any CPU
		{2A436950-3FC6-41AD-987C-E0AC1D7B1E83}.Release|Any CPU.Build.0 = Release|Any CPU
	EndGlobalSection
EndGlobal
